# THIS IS AN AUTOGENERATED FILE. DO NOT EDIT THIS FILE DIRECTLY.
# yarn lockfile v1


"@types/node@^10.9.3":
  version "10.9.3"
  resolved "https://registry.yarnpkg.com/@types/node/-/node-10.9.3.tgz#85f288502503ade0b3bfc049fe1777b05d0327d5"
  integrity sha512-DOzWZKUnmFYG0KUOs+9HEBju2QhBU6oM2zeluunQNt0vnJvnkHvtDNlQPZDkTrkC5pZrNx1TPqeL137zciXZMQ==

axios@^0.18.0:
  version "0.18.0"
  resolved "https://registry.yarnpkg.com/axios/-/axios-0.18.0.tgz#32d53e4851efdc0a11993b6cd000789d70c05102"
  integrity sha1-MtU+SFHv3AoRmTts0AB4nXDAUQI=
  dependencies:
    follow-redirects "^1.3.0"
    is-buffer "^1.1.5"

debug@^3.1.0:
  version "3.1.0"
  resolved "https://registry.yarnpkg.com/debug/-/debug-3.1.0.tgz#5bb5a0672628b64149566ba16819e61518c67261"
  integrity sha512-OX8XqP7/1a9cqkxYw2yXss15f26NKWBpDXQd0/uK/KPqdQhxbPa994hnzjcE2VqQpDslf55723cKPUOGSmMY3g==
  dependencies:
    ms "2.0.0"

follow-redirects@^1.3.0:
  version "1.5.1"
  resolved "https://registry.yarnpkg.com/follow-redirects/-/follow-redirects-1.5.1.tgz#67a8f14f5a1f67f962c2c46469c79eaec0a90291"
  integrity sha512-v9GI1hpaqq1ZZR6pBD1+kI7O24PhDvNGNodjS3MdcEqyrahCp8zbtpv+2B/krUnSmUH80lbAS7MrdeK5IylgKg==
  dependencies:
    debug "^3.1.0"

is-buffer@^1.1.5:
  version "1.1.6"
  resolved "https://registry.yarnpkg.com/is-buffer/-/is-buffer-1.1.6.tgz#efaa2ea9daa0d7ab2ea13a97b2b8ad51fefbe8be"
  integrity sha512-NcdALwpXkTm5Zvvbk7owOUSvVvBKDgKP5/ewfXEznmQFfs4ZRmanOeKBTjRVjka3QFoN6XJ+9F3USqfHqTaU5w==

lodash@^4.17.10:
  version "4.17.10"
  resolved "https://registry.yarnpkg.com/lodash/-/lodash-4.17.10.tgz#1b7793cf7259ea38fb3661d4d38b3260af8ae4e7"
  integrity sha512-UejweD1pDoXu+AD825lWwp4ZGtSwgnpZxb3JDViD7StjQz+Nb/6l093lx4OQ0foGWNRoc19mWy7BzL+UAK2iVg==

luxon@^1.3.2:
  version "1.3.2"
  resolved "https://registry.yarnpkg.com/luxon/-/luxon-1.3.2.tgz#cf5fa6fb0adcc7a1f14c36f5a15ea21631381513"
  integrity sha512-X9DbMzW3kjWmjmjvJomM8eoTaQcZrL5/d0ALQa7dgt3ipU2G823Lg9pycGkaERhxXcIwi84Qdz+8x2UOmQ6S5w==

ms@2.0.0:
  version "2.0.0"
  resolved "https://registry.yarnpkg.com/ms/-/ms-2.0.0.tgz#5608aeadfc00be6c2901df5f9861788de0d597c8"
  integrity sha1-VgiurfwAvmwpAd9fmGF4jeDVl8g=
